
Microsoft Visual Studio Solution File, Format Version 12.00
# Visual Studio Version 17
VisualStudioVersion = 17.14.36414.22
MinimumVisualStudioVersion = 10.0.40219.1
Project("{FAE04EC0-301F-11D3-BF4B-00C04F79EFBC}") = "TodoApi", "..\TodoApi\TodoApi.csproj", "{9587BBDC-2767-3629-AF71-F3DCF6B3699C}"
EndProject
Global
	GlobalSection(SolutionConfigurationPlatforms) = preSolution
		Debug|Any CPU = Debug|Any CPU
		Release|Any CPU = Release|Any CPU
	EndGlobalSection
	GlobalSection(ProjectConfigurationPlatforms) = postSolution
		{9587BBDC-2767-3629-AF71-F3DCF6B3699C}.Debug|Any CPU.ActiveCfg = Debug|Any CPU
		{9587BBDC-2767-3629-AF71-F3DCF6B3699C}.Debug|Any CPU.Build.0 = Debug|Any CPU
		{9587BBDC-2767-3629-AF71-F3DCF6B3699C}.Release|Any CPU.ActiveCfg = Release|Any CPU
		{9587BBDC-2767-3629-AF71-F3DCF6B3699C}.Release|Any CPU.Build.0 = Release|Any CPU
	EndGlobalSection
	GlobalSection(SolutionProperties) = preSolution
		HideSolutionNode = FALSE
	EndGlobalSection
	GlobalSection(ExtensibilityGlobals) = postSolution
		SolutionGuid = {6821F4E6-3DF1-435A-A879-27F3999A540D}
	EndGlobalSection
EndGlobal
